
Microsoft Visual Studio Solution File, Format Version 12.00
# Visual Studio Version 16
VisualStudioVersion = 16.0.32630.194
MinimumVisualStudioVersion = 10.0.40219.1
Project("{FAE04EC0-301F-11D3-BF4B-00C04F79EFBC}") = "MyFirstApp", "MyFirstApp.csproj", "{0C51E8B2-7BBD-4AE6-AABE-DEDB63781E98}"
EndProject
Global
	GlobalSection(SolutionConfigurationPlatforms) = preSolution
		Debug|Any CPU = Debug|Any CPU
		Release|Any CPU = Release|Any CPU
	EndGlobalSection
	GlobalSection(ProjectConfigurationPlatforms) = postSolution
		{0C51E8B2-7BBD-4AE6-AABE-DEDB63781E98}.Debug|Any CPU.ActiveCfg = Debug|Any CPU
		{0C51E8B2-7BBD-4AE6-AABE-DEDB63781E98}.Debug|Any CPU.Build.0 = Debug|Any CPU
		{0C51E8B2-7BBD-4AE6-AABE-DEDB63781E98}.Release|Any CPU.ActiveCfg = Release|Any CPU
		{0C51E8B2-7BBD-4AE6-AABE-DEDB63781E98}.Release|Any CPU.Build.0 = Release|Any CPU
	EndGlobalSection
	GlobalSection(SolutionProperties) = preSolution
		HideSolutionNode = FALSE
	EndGlobalSection
	GlobalSection(ExtensibilityGlobals) = postSolution
		SolutionGuid = {38A0B117-82F1-464C-9594-14A42CECCBB5}
	EndGlobalSection
EndGlobal
